
Microsoft Visual Studio Solution File, Format Version 12.00
# Visual Studio Version 16
VisualStudioVersion = 16.0.29519.87
MinimumVisualStudioVersion = 10.0.40219.1
Project("{FAE04EC0-301F-11D3-BF4B-00C04F79EFBC}") = "SimpleAspNetCoreReportingViewer", "SimpleAspNetCoreReportingViewer\SimpleAspNetCoreReportingViewer.csproj", "{8B115604-EC98-4FC7-A8CB-70589CC51712}"
EndProject
Global
	GlobalSection(SolutionConfigurationPlatforms) = preSolution
		Debug|Any CPU = Debug|Any CPU
		Release|Any CPU = Release|Any CPU
	EndGlobalSection
	GlobalSection(ProjectConfigurationPlatforms) = postSolution
		{8B115604-EC98-4FC7-A8CB-70589CC51712}.Debug|Any CPU.ActiveCfg = Debug|Any CPU
		{8B115604-EC98-4FC7-A8CB-70589CC51712}.Debug|Any CPU.Build.0 = Debug|Any CPU
		{8B115604-EC98-4FC7-A8CB-70589CC51712}.Release|Any CPU.ActiveCfg = Release|Any CPU
		{8B115604-EC98-4FC7-A8CB-70589CC51712}.Release|Any CPU.Build.0 = Release|Any CPU
	EndGlobalSection
	GlobalSection(SolutionProperties) = preSolution
		HideSolutionNode = FALSE
	EndGlobalSection
	GlobalSection(ExtensibilityGlobals) = postSolution
		SolutionGuid = {B4B1D571-C4E1-4401-9B57-9C8FEFF08F7D}
	EndGlobalSection
EndGlobal
